
Microsoft Visual Studio Solution File, Format Version 12.00
# Visual Studio 2013
VisualStudioVersion = 12.0.31101.0
MinimumVisualStudioVersion = 10.0.40219.1
Project("{FAE04EC0-301F-11D3-BF4B-00C04F79EFBC}") = "ParaPensar", "ParaPensar\ParaPensar.csproj", "{E6586EF2-1E3E-4C02-BCA0-91916C712AFC}"
EndProject
Global
	GlobalSection(TeamFoundationVersionControl) = preSolution
		SccNumberOfProjects = 2
		SccEnterpriseProvider = {4CA58AB2-18FA-4F8D-95D4-32DDF27D184C}
		SccTeamFoundationServer = https://utn2017netg38.visualstudio.com/
		SccLocalPath0 = .
		SccProjectUniqueName1 = ParaPensar\\ParaPensar.csproj
		SccProjectName1 = ParaPensar
		SccLocalPath1 = ParaPensar
	EndGlobalSection
	GlobalSection(SolutionConfigurationPlatforms) = preSolution
		Debug|Any CPU = Debug|Any CPU
		Release|Any CPU = Release|Any CPU
	EndGlobalSection
	GlobalSection(ProjectConfigurationPlatforms) = postSolution
		{E6586EF2-1E3E-4C02-BCA0-91916C712AFC}.Debug|Any CPU.ActiveCfg = Debug|Any CPU
		{E6586EF2-1E3E-4C02-BCA0-91916C712AFC}.Debug|Any CPU.Build.0 = Debug|Any CPU
		{E6586EF2-1E3E-4C02-BCA0-91916C712AFC}.Release|Any CPU.ActiveCfg = Release|Any CPU
		{E6586EF2-1E3E-4C02-BCA0-91916C712AFC}.Release|Any CPU.Build.0 = Release|Any CPU
	EndGlobalSection
	GlobalSection(SolutionProperties) = preSolution
		HideSolutionNode = FALSE
	EndGlobalSection
EndGlobal
