
Microsoft Visual Studio Solution File, Format Version 12.00
# Visual Studio 2013
VisualStudioVersion = 12.0.31101.0
MinimumVisualStudioVersion = 10.0.40219.1
Project("{FAE04EC0-301F-11D3-BF4B-00C04F79EFBC}") = "LabSintaxis2", "LabSintaxis2\LabSintaxis2.csproj", "{0DD159D3-C129-458F-A509-D967AE2FCEEF}"
EndProject
Global
	GlobalSection(TeamFoundationVersionControl) = preSolution
		SccNumberOfProjects = 2
		SccEnterpriseProvider = {4CA58AB2-18FA-4F8D-95D4-32DDF27D184C}
		SccTeamFoundationServer = https://utn2017netg38.visualstudio.com/
		SccLocalPath0 = .
		SccProjectUniqueName1 = LabSintaxis2\\LabSintaxis2.csproj
		SccProjectName1 = LabSintaxis2
		SccLocalPath1 = LabSintaxis2
	EndGlobalSection
	GlobalSection(SolutionConfigurationPlatforms) = preSolution
		Debug|Any CPU = Debug|Any CPU
		Release|Any CPU = Release|Any CPU
	EndGlobalSection
	GlobalSection(ProjectConfigurationPlatforms) = postSolution
		{0DD159D3-C129-458F-A509-D967AE2FCEEF}.Debug|Any CPU.ActiveCfg = Debug|Any CPU
		{0DD159D3-C129-458F-A509-D967AE2FCEEF}.Debug|Any CPU.Build.0 = Debug|Any CPU
		{0DD159D3-C129-458F-A509-D967AE2FCEEF}.Release|Any CPU.ActiveCfg = Release|Any CPU
		{0DD159D3-C129-458F-A509-D967AE2FCEEF}.Release|Any CPU.Build.0 = Release|Any CPU
	EndGlobalSection
	GlobalSection(SolutionProperties) = preSolution
		HideSolutionNode = FALSE
	EndGlobalSection
EndGlobal
