
Microsoft Visual Studio Solution File, Format Version 12.00
# Visual Studio 14
VisualStudioVersion = 14.0.25420.1
MinimumVisualStudioVersion = 10.0.40219.1
Project("{FAE04EC0-301F-11D3-BF4B-00C04F79EFBC}") = "testing", "testing\testing.csproj", "{61077B2A-8D1F-4105-B392-C95EE3FCBFB5}"
EndProject
Project("{FAE04EC0-301F-11D3-BF4B-00C04F79EFBC}") = "ConsoleApplication1", "ConsoleApplication1\ConsoleApplication1.csproj", "{A1A8FB26-E0C1-4B9C-83F9-A6E65A18763C}"
EndProject
Global
	GlobalSection(SolutionConfigurationPlatforms) = preSolution
		Debug|Any CPU = Debug|Any CPU
		Release|Any CPU = Release|Any CPU
	EndGlobalSection
	GlobalSection(ProjectConfigurationPlatforms) = postSolution
		{61077B2A-8D1F-4105-B392-C95EE3FCBFB5}.Debug|Any CPU.ActiveCfg = Debug|Any CPU
		{61077B2A-8D1F-4105-B392-C95EE3FCBFB5}.Debug|Any CPU.Build.0 = Debug|Any CPU
		{61077B2A-8D1F-4105-B392-C95EE3FCBFB5}.Release|Any CPU.ActiveCfg = Release|Any CPU
		{61077B2A-8D1F-4105-B392-C95EE3FCBFB5}.Release|Any CPU.Build.0 = Release|Any CPU
		{A1A8FB26-E0C1-4B9C-83F9-A6E65A18763C}.Debug|Any CPU.ActiveCfg = Debug|Any CPU
		{A1A8FB26-E0C1-4B9C-83F9-A6E65A18763C}.Debug|Any CPU.Build.0 = Debug|Any CPU
		{A1A8FB26-E0C1-4B9C-83F9-A6E65A18763C}.Release|Any CPU.ActiveCfg = Release|Any CPU
		{A1A8FB26-E0C1-4B9C-83F9-A6E65A18763C}.Release|Any CPU.Build.0 = Release|Any CPU
	EndGlobalSection
	GlobalSection(SolutionProperties) = preSolution
		HideSolutionNode = FALSE
	EndGlobalSection
	GlobalSection(TeamFoundationVersionControl) = preSolution
		SccNumberOfProjects = 3
		SccEnterpriseProvider = {4CA58AB2-18FA-4F8D-95D4-32DDF27D184C}
		SccTeamFoundationServer = https://utn2017netg38.visualstudio.com/
		SccLocalPath0 = .
		SccProjectUniqueName1 = testing\\testing.csproj
		SccProjectName1 = testing
		SccLocalPath1 = testing
		SccProjectUniqueName2 = ConsoleApplication1\\ConsoleApplication1.csproj
		SccProjectName2 = ConsoleApplication1
		SccLocalPath2 = ConsoleApplication1
	EndGlobalSection
EndGlobal
